
Microsoft Visual Studio Solution File, Format Version 12.00
# Visual Studio Version 17
VisualStudioVersion = 17.8.34316.72
MinimumVisualStudioVersion = 10.0.40219.1
Project("{FAE04EC0-301F-11D3-BF4B-00C04F79EFBC}") = "SchoolManagment", "SchoolManagment\SchoolManagment.csproj", "{EE119033-0AF8-408A-8D82-39F7154A20EF}"
EndProject
Global
	GlobalSection(SolutionConfigurationPlatforms) = preSolution
		Debug|Any CPU = Debug|Any CPU
		Release|Any CPU = Release|Any CPU
	EndGlobalSection
	GlobalSection(ProjectConfigurationPlatforms) = postSolution
		{EE119033-0AF8-408A-8D82-39F7154A20EF}.Debug|Any CPU.ActiveCfg = Debug|Any CPU
		{EE119033-0AF8-408A-8D82-39F7154A20EF}.Debug|Any CPU.Build.0 = Debug|Any CPU
		{EE119033-0AF8-408A-8D82-39F7154A20EF}.Release|Any CPU.ActiveCfg = Release|Any CPU
		{EE119033-0AF8-408A-8D82-39F7154A20EF}.Release|Any CPU.Build.0 = Release|Any CPU
	EndGlobalSection
	GlobalSection(SolutionProperties) = preSolution
		HideSolutionNode = FALSE
	EndGlobalSection
	GlobalSection(ExtensibilityGlobals) = postSolution
		SolutionGuid = {D18A4E35-A86F-4637-B996-B92EEE2CE7BC}
	EndGlobalSection
EndGlobal
