
Microsoft Visual Studio Solution File, Format Version 12.00
# Visual Studio Version 17
VisualStudioVersion = 17.8.34316.72
MinimumVisualStudioVersion = 10.0.40219.1
Project("{FAE04EC0-301F-11D3-BF4B-00C04F79EFBC}") = "ConsoleApp2", "ConsoleApp2\ConsoleApp2.csproj", "{C076ECCB-DF3B-47C6-A309-7FF1858328FB}"
EndProject
Global
	GlobalSection(SolutionConfigurationPlatforms) = preSolution
		Debug|Any CPU = Debug|Any CPU
		Release|Any CPU = Release|Any CPU
	EndGlobalSection
	GlobalSection(ProjectConfigurationPlatforms) = postSolution
		{C076ECCB-DF3B-47C6-A309-7FF1858328FB}.Debug|Any CPU.ActiveCfg = Debug|Any CPU
		{C076ECCB-DF3B-47C6-A309-7FF1858328FB}.Debug|Any CPU.Build.0 = Debug|Any CPU
		{C076ECCB-DF3B-47C6-A309-7FF1858328FB}.Release|Any CPU.ActiveCfg = Release|Any CPU
		{C076ECCB-DF3B-47C6-A309-7FF1858328FB}.Release|Any CPU.Build.0 = Release|Any CPU
	EndGlobalSection
	GlobalSection(SolutionProperties) = preSolution
		HideSolutionNode = FALSE
	EndGlobalSection
	GlobalSection(ExtensibilityGlobals) = postSolution
		SolutionGuid = {9EE80D90-C4C4-4D26-A2E9-C3373495FB5C}
	EndGlobalSection
EndGlobal
